// !$*UTF8*$!
{
	archiveVersion = 1;
	classes = {
	};
	objectVersion = 56;
	objects = {

/* Begin PBXBuildFile section */
		A50570B42A26D57700B62C43 /* NumberPicker.swift in Sources */ = {isa = PBXBuildFile; fileRef = A50570B32A26D57700B62C43 /* NumberPicker.swift */; };
		A507FF4A2A2B0E5300EC9426 /* CombineMoya in Frameworks */ = {isa = PBXBuildFile; productRef = A507FF492A2B0E5300EC9426 /* CombineMoya */; };
		A507FF4C2A2B0E5300EC9426 /* Moya in Frameworks */ = {isa = PBXBuildFile; productRef = A507FF4B2A2B0E5300EC9426 /* Moya */; };
		A507FF4E2A2B0FAE00EC9426 /* APIService.swift in Sources */ = {isa = PBXBuildFile; fileRef = A507FF4D2A2B0FAE00EC9426 /* APIService.swift */; };
		A507FF502A2B120E00EC9426 /* Features.swift in Sources */ = {isa = PBXBuildFile; fileRef = A507FF4F2A2B120E00EC9426 /* Features.swift */; };
		A507FF522A2B270A00EC9426 /* Prediction.swift in Sources */ = {isa = PBXBuildFile; fileRef = A507FF512A2B270A00EC9426 /* Prediction.swift */; };
		A507FF542A2B2BA700EC9426 /* ManageDataViewController.swift in Sources */ = {isa = PBXBuildFile; fileRef = A507FF532A2B2BA700EC9426 /* ManageDataViewController.swift */; };
		A507FF572A2B2BCC00EC9426 /* ManageDataView.swift in Sources */ = {isa = PBXBuildFile; fileRef = A507FF562A2B2BCC00EC9426 /* ManageDataView.swift */; };
		A50CF4FF2A28A10A00D31E77 /* FSCalendar in Frameworks */ = {isa = PBXBuildFile; productRef = A50CF4FE2A28A10A00D31E77 /* FSCalendar */; };
		A50CF5012A28B8C400D31E77 /* Date+.swift in Sources */ = {isa = PBXBuildFile; fileRef = A50CF5002A28B8C400D31E77 /* Date+.swift */; };
		A50CF5032A28B8E100D31E77 /* String+.swift in Sources */ = {isa = PBXBuildFile; fileRef = A50CF5022A28B8E100D31E77 /* String+.swift */; };
		A50CF5052A28C44400D31E77 /* ContentBox.swift in Sources */ = {isa = PBXBuildFile; fileRef = A50CF5042A28C44400D31E77 /* ContentBox.swift */; };
		A50CF5072A28C5D900D31E77 /* UIColor+.swift in Sources */ = {isa = PBXBuildFile; fileRef = A50CF5062A28C5D900D31E77 /* UIColor+.swift */; };
		A50CF50A2A28D0A600D31E77 /* DementiaDataStorage.xcdatamodeld in Sources */ = {isa = PBXBuildFile; fileRef = A50CF5082A28D0A600D31E77 /* DementiaDataStorage.xcdatamodeld */; };
		A50CF50C2A28D0D800D31E77 /* User.swift in Sources */ = {isa = PBXBuildFile; fileRef = A50CF50B2A28D0D800D31E77 /* User.swift */; };
		A520E4132A2C6CD500A7120C /* ChartPageViewController.swift in Sources */ = {isa = PBXBuildFile; fileRef = A520E4122A2C6CD500A7120C /* ChartPageViewController.swift */; };
		A520E4152A2C746700A7120C /* ChartPageView.swift in Sources */ = {isa = PBXBuildFile; fileRef = A520E4142A2C746700A7120C /* ChartPageView.swift */; };
		A520E4172A2C782D00A7120C /* DADataType.swift in Sources */ = {isa = PBXBuildFile; fileRef = A520E4162A2C782D00A7120C /* DADataType.swift */; };
		A520E41C2A2C965600A7120C /* DataManager.swift in Sources */ = {isa = PBXBuildFile; fileRef = A520E41B2A2C965600A7120C /* DataManager.swift */; };
		A520E41E2A2C999400A7120C /* dataset_mean.json in Resources */ = {isa = PBXBuildFile; fileRef = A520E41D2A2C999400A7120C /* dataset_mean.json */; };
		A520E4202A2CA13900A7120C /* ResultPageView.swift in Sources */ = {isa = PBXBuildFile; fileRef = A520E41F2A2CA13900A7120C /* ResultPageView.swift */; };
		A520E4242A2CA1C200A7120C /* ResultPageViewController.swift in Sources */ = {isa = PBXBuildFile; fileRef = A520E4232A2CA1C200A7120C /* ResultPageViewController.swift */; };
		A520E4262A2CA77B00A7120C /* DementiaType.swift in Sources */ = {isa = PBXBuildFile; fileRef = A520E4252A2CA77B00A7120C /* DementiaType.swift */; };
		A53A34182A2867CE008FEB89 /* MainTabBarViewController.swift in Sources */ = {isa = PBXBuildFile; fileRef = A53A34172A2867CE008FEB89 /* MainTabBarViewController.swift */; };
		A53A341B2A2867FF008FEB89 /* SettingsViewController.swift in Sources */ = {isa = PBXBuildFile; fileRef = A53A341A2A2867FF008FEB89 /* SettingsViewController.swift */; };
		A53A341D2A28680F008FEB89 /* GraphViewController.swift in Sources */ = {isa = PBXBuildFile; fileRef = A53A341C2A28680F008FEB89 /* GraphViewController.swift */; };
		A53A34212A2868D5008FEB89 /* SettingsView.swift in Sources */ = {isa = PBXBuildFile; fileRef = A53A34202A2868D5008FEB89 /* SettingsView.swift */; };
		A53A34332A287405008FEB89 /* Charts in Frameworks */ = {isa = PBXBuildFile; productRef = A53A34322A287405008FEB89 /* Charts */; };
		A542C4272A2E171700BD5721 /* StoreDataView.swift in Sources */ = {isa = PBXBuildFile; fileRef = A542C4262A2E171700BD5721 /* StoreDataView.swift */; };
		A542C4292A2E172000BD5721 /* StoreDataViewController.swift in Sources */ = {isa = PBXBuildFile; fileRef = A542C4282A2E172000BD5721 /* StoreDataViewController.swift */; };
		A5455E742A2C61F3006A508C /* DataCollectionViewCell.swift in Sources */ = {isa = PBXBuildFile; fileRef = A5455E732A2C61F3006A508C /* DataCollectionViewCell.swift */; };
		A54C97242A28EC080037A9CF /* UpdateProfileViewController.swift in Sources */ = {isa = PBXBuildFile; fileRef = A54C97232A28EC080037A9CF /* UpdateProfileViewController.swift */; };
		A54C97272A28EC1E0037A9CF /* UpdateProfileView.swift in Sources */ = {isa = PBXBuildFile; fileRef = A54C97262A28EC1E0037A9CF /* UpdateProfileView.swift */; };
		A55087DB29FF65880023D6CC /* AppDelegate.swift in Sources */ = {isa = PBXBuildFile; fileRef = A55087DA29FF65880023D6CC /* AppDelegate.swift */; };
		A55087DD29FF65880023D6CC /* SceneDelegate.swift in Sources */ = {isa = PBXBuildFile; fileRef = A55087DC29FF65880023D6CC /* SceneDelegate.swift */; };
		A55087DF29FF65880023D6CC /* HomeViewController.swift in Sources */ = {isa = PBXBuildFile; fileRef = A55087DE29FF65880023D6CC /* HomeViewController.swift */; };
		A55087E429FF65890023D6CC /* Assets.xcassets in Resources */ = {isa = PBXBuildFile; fileRef = A55087E329FF65890023D6CC /* Assets.xcassets */; };
		A55087E729FF65890023D6CC /* LaunchScreen.storyboard in Resources */ = {isa = PBXBuildFile; fileRef = A55087E529FF65890023D6CC /* LaunchScreen.storyboard */; };
		A55087F529FF66C50023D6CC /* HomeView.swift in Sources */ = {isa = PBXBuildFile; fileRef = A55087F429FF66C50023D6CC /* HomeView.swift */; };
		A56BC21B2A25B063007FE478 /* CoreDataStorage in Frameworks */ = {isa = PBXBuildFile; productRef = A56BC21A2A25B063007FE478 /* CoreDataStorage */; };
		A57F13002A2E5B5E005F2A9C /* URLManager.swift in Sources */ = {isa = PBXBuildFile; fileRef = A57F12FF2A2E5B5E005F2A9C /* URLManager.swift */; };
		A58E60062A25F9E700CC1507 /* Kavoon-Regular.ttf in Resources */ = {isa = PBXBuildFile; fileRef = A58E60042A25F9E700CC1507 /* Kavoon-Regular.ttf */; };
		A58E60072A25F9E700CC1507 /* OFL.txt in Resources */ = {isa = PBXBuildFile; fileRef = A58E60052A25F9E700CC1507 /* OFL.txt */; };
		A58E60092A25FA1700CC1507 /* UIFont+.swift in Sources */ = {isa = PBXBuildFile; fileRef = A58E60082A25FA1700CC1507 /* UIFont+.swift */; };
		A58E600C2A25FC3000CC1507 /* StringCollection.swift in Sources */ = {isa = PBXBuildFile; fileRef = A58E600B2A25FC3000CC1507 /* StringCollection.swift */; };
		A58E600F2A25FF2800CC1507 /* UIImageInformation.swift in Sources */ = {isa = PBXBuildFile; fileRef = A58E600E2A25FF2800CC1507 /* UIImageInformation.swift */; };
		A58E60112A25FF6300CC1507 /* UIImage+.swift in Sources */ = {isa = PBXBuildFile; fileRef = A58E60102A25FF6300CC1507 /* UIImage+.swift */; };
		A5B091302A261D9E008807AF /* GraphView.swift in Sources */ = {isa = PBXBuildFile; fileRef = A5B0912F2A261D9E008807AF /* GraphView.swift */; };
		A5C0F09A2A2E2A4900B9626A /* SaveDataView.swift in Sources */ = {isa = PBXBuildFile; fileRef = A5C0F0992A2E2A4900B9626A /* SaveDataView.swift */; };
		A5C0F09E2A2E2AA500B9626A /* SaveDataViewController.swift in Sources */ = {isa = PBXBuildFile; fileRef = A5C0F09D2A2E2AA500B9626A /* SaveDataViewController.swift */; };
		A5C0F0A02A2E38FE00B9626A /* CoreDataStorage+.swift in Sources */ = {isa = PBXBuildFile; fileRef = A5C0F09F2A2E38FE00B9626A /* CoreDataStorage+.swift */; };
		A5C0F0A22A2E3DBE00B9626A /* testData.json in Resources */ = {isa = PBXBuildFile; fileRef = A5C0F0A12A2E3DBE00B9626A /* testData.json */; };
		A5C650302A2745DB00EDF3A6 /* Alamofire in Frameworks */ = {isa = PBXBuildFile; productRef = A5C6502F2A2745DB00EDF3A6 /* Alamofire */; };
		A5C650342A2749BE00EDF3A6 /* BMEULJIROTTF.ttf in Resources */ = {isa = PBXBuildFile; fileRef = A5C650332A2749A700EDF3A6 /* BMEULJIROTTF.ttf */; };
		A5DB26142A146EED00022101 /* DemntiaAnalyticsModel.swift in Sources */ = {isa = PBXBuildFile; fileRef = A5DB26132A146EED00022101 /* DemntiaAnalyticsModel.swift */; };
		A5DD62202A2D734C00C1F22E /* DAData.swift in Sources */ = {isa = PBXBuildFile; fileRef = A5DD621F2A2D734C00C1F22E /* DAData.swift */; };
		A5F18CB02A265CCD00C2437D /* Lottie in Frameworks */ = {isa = PBXBuildFile; productRef = A5F18CAF2A265CCD00C2437D /* Lottie */; };
		A5F18CB72A265D7F00C2437D /* LaunchView.swift in Sources */ = {isa = PBXBuildFile; fileRef = A5F18CB62A265D7F00C2437D /* LaunchView.swift */; };
		A5F18CBC2A26634400C2437D /* decor.json in Resources */ = {isa = PBXBuildFile; fileRef = A5F18CBA2A26634400C2437D /* decor.json */; };
		A5F18CBD2A26634400C2437D /* person.json in Resources */ = {isa = PBXBuildFile; fileRef = A5F18CBB2A26634400C2437D /* person.json */; };
		A5FE2E972A29A26500386F7B /* SettingContentBox.swift in Sources */ = {isa = PBXBuildFile; fileRef = A5FE2E962A29A26500386F7B /* SettingContentBox.swift */; };
		A5FE2E992A29D65300386F7B /* UIButton+.swift in Sources */ = {isa = PBXBuildFile; fileRef = A5FE2E982A29D65300386F7B /* UIButton+.swift */; };
		A5FE2E9B2A29DD1A00386F7B /* InputContentBox.swift in Sources */ = {isa = PBXBuildFile; fileRef = A5FE2E9A2A29DD1A00386F7B /* InputContentBox.swift */; };
		A5FE2E9D2A2A0F3500386F7B /* UIView+.swift in Sources */ = {isa = PBXBuildFile; fileRef = A5FE2E9C2A2A0F3500386F7B /* UIView+.swift */; };
/* End PBXBuildFile section */

/* Begin PBXFileReference section */
		A50570B32A26D57700B62C43 /* NumberPicker.swift */ = {isa = PBXFileReference; lastKnownFileType = sourcecode.swift; path = NumberPicker.swift; sourceTree = "<group>"; };
		A507FF4D2A2B0FAE00EC9426 /* APIService.swift */ = {isa = PBXFileReference; lastKnownFileType = sourcecode.swift; path = APIService.swift; sourceTree = "<group>"; };
		A507FF4F2A2B120E00EC9426 /* Features.swift */ = {isa = PBXFileReference; lastKnownFileType = sourcecode.swift; path = Features.swift; sourceTree = "<group>"; };
		A507FF512A2B270A00EC9426 /* Prediction.swift */ = {isa = PBXFileReference; lastKnownFileType = sourcecode.swift; path = Prediction.swift; sourceTree = "<group>"; };
		A507FF532A2B2BA700EC9426 /* ManageDataViewController.swift */ = {isa = PBXFileReference; lastKnownFileType = sourcecode.swift; path = ManageDataViewController.swift; sourceTree = "<group>"; };
		A507FF562A2B2BCC00EC9426 /* ManageDataView.swift */ = {isa = PBXFileReference; lastKnownFileType = sourcecode.swift; path = ManageDataView.swift; sourceTree = "<group>"; };
		A50CF5002A28B8C400D31E77 /* Date+.swift */ = {isa = PBXFileReference; lastKnownFileType = sourcecode.swift; path = "Date+.swift"; sourceTree = "<group>"; };
		A50CF5022A28B8E100D31E77 /* String+.swift */ = {isa = PBXFileReference; lastKnownFileType = sourcecode.swift; path = "String+.swift"; sourceTree = "<group>"; };
		A50CF5042A28C44400D31E77 /* ContentBox.swift */ = {isa = PBXFileReference; lastKnownFileType = sourcecode.swift; path = ContentBox.swift; sourceTree = "<group>"; };
		A50CF5062A28C5D900D31E77 /* UIColor+.swift */ = {isa = PBXFileReference; lastKnownFileType = sourcecode.swift; path = "UIColor+.swift"; sourceTree = "<group>"; };
		A50CF5092A28D0A600D31E77 /* DentiaDataStorage.xcdatamodel */ = {isa = PBXFileReference; lastKnownFileType = wrapper.xcdatamodel; path = DentiaDataStorage.xcdatamodel; sourceTree = "<group>"; };
		A50CF50B2A28D0D800D31E77 /* User.swift */ = {isa = PBXFileReference; lastKnownFileType = sourcecode.swift; path = User.swift; sourceTree = "<group>"; };
		A520E4122A2C6CD500A7120C /* ChartPageViewController.swift */ = {isa = PBXFileReference; lastKnownFileType = sourcecode.swift; path = ChartPageViewController.swift; sourceTree = "<group>"; };
		A520E4142A2C746700A7120C /* ChartPageView.swift */ = {isa = PBXFileReference; lastKnownFileType = sourcecode.swift; path = ChartPageView.swift; sourceTree = "<group>"; };
		A520E4162A2C782D00A7120C /* DADataType.swift */ = {isa = PBXFileReference; lastKnownFileType = sourcecode.swift; path = DADataType.swift; sourceTree = "<group>"; };
		A520E41B2A2C965600A7120C /* DataManager.swift */ = {isa = PBXFileReference; lastKnownFileType = sourcecode.swift; path = DataManager.swift; sourceTree = "<group>"; };
		A520E41D2A2C999400A7120C /* dataset_mean.json */ = {isa = PBXFileReference; fileEncoding = 4; lastKnownFileType = text.json; path = dataset_mean.json; sourceTree = "<group>"; };
		A520E41F2A2CA13900A7120C /* ResultPageView.swift */ = {isa = PBXFileReference; lastKnownFileType = sourcecode.swift; path = ResultPageView.swift; sourceTree = "<group>"; };
		A520E4232A2CA1C200A7120C /* ResultPageViewController.swift */ = {isa = PBXFileReference; lastKnownFileType = sourcecode.swift; path = ResultPageViewController.swift; sourceTree = "<group>"; };
		A520E4252A2CA77B00A7120C /* DementiaType.swift */ = {isa = PBXFileReference; lastKnownFileType = sourcecode.swift; path = DementiaType.swift; sourceTree = "<group>"; };
		A53A34172A2867CE008FEB89 /* MainTabBarViewController.swift */ = {isa = PBXFileReference; lastKnownFileType = sourcecode.swift; path = MainTabBarViewController.swift; sourceTree = "<group>"; };
		A53A341A2A2867FF008FEB89 /* SettingsViewController.swift */ = {isa = PBXFileReference; lastKnownFileType = sourcecode.swift; path = SettingsViewController.swift; sourceTree = "<group>"; };
		A53A341C2A28680F008FEB89 /* GraphViewController.swift */ = {isa = PBXFileReference; lastKnownFileType = sourcecode.swift; path = GraphViewController.swift; sourceTree = "<group>"; };
		A53A34202A2868D5008FEB89 /* SettingsView.swift */ = {isa = PBXFileReference; lastKnownFileType = sourcecode.swift; path = SettingsView.swift; sourceTree = "<group>"; };
		A542C4262A2E171700BD5721 /* StoreDataView.swift */ = {isa = PBXFileReference; lastKnownFileType = sourcecode.swift; path = StoreDataView.swift; sourceTree = "<group>"; };
		A542C4282A2E172000BD5721 /* StoreDataViewController.swift */ = {isa = PBXFileReference; lastKnownFileType = sourcecode.swift; path = StoreDataViewController.swift; sourceTree = "<group>"; };
		A5455E732A2C61F3006A508C /* DataCollectionViewCell.swift */ = {isa = PBXFileReference; lastKnownFileType = sourcecode.swift; path = DataCollectionViewCell.swift; sourceTree = "<group>"; };
		A54C97232A28EC080037A9CF /* UpdateProfileViewController.swift */ = {isa = PBXFileReference; lastKnownFileType = sourcecode.swift; path = UpdateProfileViewController.swift; sourceTree = "<group>"; };
		A54C97262A28EC1E0037A9CF /* UpdateProfileView.swift */ = {isa = PBXFileReference; lastKnownFileType = sourcecode.swift; path = UpdateProfileView.swift; sourceTree = "<group>"; };
		A55087D729FF65880023D6CC /* dementia_analytics-iOS.app */ = {isa = PBXFileReference; explicitFileType = wrapper.application; includeInIndex = 0; path = "dementia_analytics-iOS.app"; sourceTree = BUILT_PRODUCTS_DIR; };
		A55087DA29FF65880023D6CC /* AppDelegate.swift */ = {isa = PBXFileReference; lastKnownFileType = sourcecode.swift; path = AppDelegate.swift; sourceTree = "<group>"; };
		A55087DC29FF65880023D6CC /* SceneDelegate.swift */ = {isa = PBXFileReference; lastKnownFileType = sourcecode.swift; path = SceneDelegate.swift; sourceTree = "<group>"; };
		A55087DE29FF65880023D6CC /* HomeViewController.swift */ = {isa = PBXFileReference; lastKnownFileType = sourcecode.swift; path = HomeViewController.swift; sourceTree = "<group>"; };
		A55087E329FF65890023D6CC /* Assets.xcassets */ = {isa = PBXFileReference; lastKnownFileType = folder.assetcatalog; path = Assets.xcassets; sourceTree = "<group>"; };
		A55087E629FF65890023D6CC /* Base */ = {isa = PBXFileReference; lastKnownFileType = file.storyboard; name = Base; path = Base.lproj/LaunchScreen.storyboard; sourceTree = "<group>"; };
		A55087E829FF65890023D6CC /* Info.plist */ = {isa = PBXFileReference; lastKnownFileType = text.plist.xml; path = Info.plist; sourceTree = "<group>"; };
		A55087F429FF66C50023D6CC /* HomeView.swift */ = {isa = PBXFileReference; lastKnownFileType = sourcecode.swift; path = HomeView.swift; sourceTree = "<group>"; };
		A55B68CB2A0E07CD007D740C /* dementia_analytics-iOS.entitlements */ = {isa = PBXFileReference; lastKnownFileType = text.plist.entitlements; path = "dementia_analytics-iOS.entitlements"; sourceTree = "<group>"; };
		A57F12FF2A2E5B5E005F2A9C /* URLManager.swift */ = {isa = PBXFileReference; lastKnownFileType = sourcecode.swift; path = URLManager.swift; sourceTree = "<group>"; };
		A58E60042A25F9E700CC1507 /* Kavoon-Regular.ttf */ = {isa = PBXFileReference; lastKnownFileType = file; path = "Kavoon-Regular.ttf"; sourceTree = "<group>"; };
		A58E60052A25F9E700CC1507 /* OFL.txt */ = {isa = PBXFileReference; fileEncoding = 4; lastKnownFileType = text; path = OFL.txt; sourceTree = "<group>"; };
		A58E60082A25FA1700CC1507 /* UIFont+.swift */ = {isa = PBXFileReference; lastKnownFileType = sourcecode.swift; path = "UIFont+.swift"; sourceTree = "<group>"; };
		A58E600B2A25FC3000CC1507 /* StringCollection.swift */ = {isa = PBXFileReference; lastKnownFileType = sourcecode.swift; path = StringCollection.swift; sourceTree = "<group>"; };
		A58E600E2A25FF2800CC1507 /* UIImageInformation.swift */ = {isa = PBXFileReference; lastKnownFileType = sourcecode.swift; path = UIImageInformation.swift; sourceTree = "<group>"; };
		A58E60102A25FF6300CC1507 /* UIImage+.swift */ = {isa = PBXFileReference; lastKnownFileType = sourcecode.swift; path = "UIImage+.swift"; sourceTree = "<group>"; };
		A5B0912F2A261D9E008807AF /* GraphView.swift */ = {isa = PBXFileReference; lastKnownFileType = sourcecode.swift; path = GraphView.swift; sourceTree = "<group>"; };
		A5C0F0992A2E2A4900B9626A /* SaveDataView.swift */ = {isa = PBXFileReference; lastKnownFileType = sourcecode.swift; path = SaveDataView.swift; sourceTree = "<group>"; };
		A5C0F09D2A2E2AA500B9626A /* SaveDataViewController.swift */ = {isa = PBXFileReference; lastKnownFileType = sourcecode.swift; path = SaveDataViewController.swift; sourceTree = "<group>"; };
		A5C0F09F2A2E38FE00B9626A /* CoreDataStorage+.swift */ = {isa = PBXFileReference; lastKnownFileType = sourcecode.swift; path = "CoreDataStorage+.swift"; sourceTree = "<group>"; };
		A5C0F0A12A2E3DBE00B9626A /* testData.json */ = {isa = PBXFileReference; fileEncoding = 4; lastKnownFileType = text.json; path = testData.json; sourceTree = "<group>"; };
		A5C650332A2749A700EDF3A6 /* BMEULJIROTTF.ttf */ = {isa = PBXFileReference; lastKnownFileType = file; path = BMEULJIROTTF.ttf; sourceTree = "<group>"; };
		A5DB26132A146EED00022101 /* DemntiaAnalyticsModel.swift */ = {isa = PBXFileReference; lastKnownFileType = sourcecode.swift; path = DemntiaAnalyticsModel.swift; sourceTree = "<group>"; };
		A5DD621F2A2D734C00C1F22E /* DAData.swift */ = {isa = PBXFileReference; lastKnownFileType = sourcecode.swift; path = DAData.swift; sourceTree = "<group>"; };
		A5F18CB62A265D7F00C2437D /* LaunchView.swift */ = {isa = PBXFileReference; lastKnownFileType = sourcecode.swift; path = LaunchView.swift; sourceTree = "<group>"; };
		A5F18CBA2A26634400C2437D /* decor.json */ = {isa = PBXFileReference; fileEncoding = 4; lastKnownFileType = text.json; path = decor.json; sourceTree = "<group>"; };
		A5F18CBB2A26634400C2437D /* person.json */ = {isa = PBXFileReference; fileEncoding = 4; lastKnownFileType = text.json; path = person.json; sourceTree = "<group>"; };
		A5FE2E962A29A26500386F7B /* SettingContentBox.swift */ = {isa = PBXFileReference; lastKnownFileType = sourcecode.swift; path = SettingContentBox.swift; sourceTree = "<group>"; };
		A5FE2E982A29D65300386F7B /* UIButton+.swift */ = {isa = PBXFileReference; lastKnownFileType = sourcecode.swift; path = "UIButton+.swift"; sourceTree = "<group>"; };
		A5FE2E9A2A29DD1A00386F7B /* InputContentBox.swift */ = {isa = PBXFileReference; lastKnownFileType = sourcecode.swift; path = InputContentBox.swift; sourceTree = "<group>"; };
		A5FE2E9C2A2A0F3500386F7B /* UIView+.swift */ = {isa = PBXFileReference; lastKnownFileType = sourcecode.swift; path = "UIView+.swift"; sourceTree = "<group>"; };
/* End PBXFileReference section */

/* Begin PBXFrameworksBuildPhase section */
		A55087D429FF65880023D6CC /* Frameworks */ = {
			isa = PBXFrameworksBuildPhase;
			buildActionMask = 2147483647;
			files = (
				A5C650302A2745DB00EDF3A6 /* Alamofire in Frameworks */,
				A56BC21B2A25B063007FE478 /* CoreDataStorage in Frameworks */,
				A507FF4A2A2B0E5300EC9426 /* CombineMoya in Frameworks */,
				A5F18CB02A265CCD00C2437D /* Lottie in Frameworks */,
				A50CF4FF2A28A10A00D31E77 /* FSCalendar in Frameworks */,
				A507FF4C2A2B0E5300EC9426 /* Moya in Frameworks */,
				A53A34332A287405008FEB89 /* Charts in Frameworks */,
			);
			runOnlyForDeploymentPostprocessing = 0;
		};
/* End PBXFrameworksBuildPhase section */

/* Begin PBXGroup section */
		A50570B52A26D5E700B62C43 /* Components */ = {
			isa = PBXGroup;
			children = (
				A50570B32A26D57700B62C43 /* NumberPicker.swift */,
				A50CF5042A28C44400D31E77 /* ContentBox.swift */,
				A5FE2E962A29A26500386F7B /* SettingContentBox.swift */,
				A5FE2E9A2A29DD1A00386F7B /* InputContentBox.swift */,
			);
			path = Components;
			sourceTree = "<group>";
		};
		A507FF552A2B2BAB00EC9426 /* ManageDataView */ = {
			isa = PBXGroup;
			children = (
				A542C4252A2E170300BD5721 /* StoreDataView */,
				A507FF562A2B2BCC00EC9426 /* ManageDataView.swift */,
				A507FF532A2B2BA700EC9426 /* ManageDataViewController.swift */,
				A5455E732A2C61F3006A508C /* DataCollectionViewCell.swift */,
			);
			path = ManageDataView;
			sourceTree = "<group>";
		};
		A520E4212A2CA19200A7120C /* ChartPage */ = {
			isa = PBXGroup;
			children = (
				A520E4142A2C746700A7120C /* ChartPageView.swift */,
				A520E4122A2C6CD500A7120C /* ChartPageViewController.swift */,
			);
			path = ChartPage;
			sourceTree = "<group>";
		};
		A520E4222A2CA1A200A7120C /* ResultPage */ = {
			isa = PBXGroup;
			children = (
				A520E41F2A2CA13900A7120C /* ResultPageView.swift */,
				A520E4232A2CA1C200A7120C /* ResultPageViewController.swift */,
			);
			path = ResultPage;
			sourceTree = "<group>";
		};
		A53A34192A2867DE008FEB89 /* Home */ = {
			isa = PBXGroup;
			children = (
				A55087F429FF66C50023D6CC /* HomeView.swift */,
				A55087DE29FF65880023D6CC /* HomeViewController.swift */,
				A507FF552A2B2BAB00EC9426 /* ManageDataView */,
			);
			path = Home;
			sourceTree = "<group>";
		};
		A53A341E2A28681C008FEB89 /* Graph */ = {
			isa = PBXGroup;
			children = (
				A5B0912F2A261D9E008807AF /* GraphView.swift */,
				A53A341C2A28680F008FEB89 /* GraphViewController.swift */,
				A520E4222A2CA1A200A7120C /* ResultPage */,
				A520E4212A2CA19200A7120C /* ChartPage */,
			);
			path = Graph;
			sourceTree = "<group>";
		};
		A53A341F2A286821008FEB89 /* Settings */ = {
			isa = PBXGroup;
			children = (
				A54C97252A28EC0B0037A9CF /* UpdateProfileView */,
				A53A34202A2868D5008FEB89 /* SettingsView.swift */,
				A53A341A2A2867FF008FEB89 /* SettingsViewController.swift */,
			);
			path = Settings;
			sourceTree = "<group>";
		};
		A542C4252A2E170300BD5721 /* StoreDataView */ = {
			isa = PBXGroup;
			children = (
				A5C0F09B2A2E2A4E00B9626A /* SaveDataView */,
				A542C4262A2E171700BD5721 /* StoreDataView.swift */,
				A542C4282A2E172000BD5721 /* StoreDataViewController.swift */,
			);
			path = StoreDataView;
			sourceTree = "<group>";
		};
		A54C97252A28EC0B0037A9CF /* UpdateProfileView */ = {
			isa = PBXGroup;
			children = (
				A54C97262A28EC1E0037A9CF /* UpdateProfileView.swift */,
				A54C97232A28EC080037A9CF /* UpdateProfileViewController.swift */,
			);
			path = UpdateProfileView;
			sourceTree = "<group>";
		};
		A55087CE29FF65880023D6CC = {
			isa = PBXGroup;
			children = (
				A55087D929FF65880023D6CC /* dementia_analytics-iOS */,
				A55087D829FF65880023D6CC /* Products */,
			);
			sourceTree = "<group>";
		};
		A55087D829FF65880023D6CC /* Products */ = {
			isa = PBXGroup;
			children = (
				A55087D729FF65880023D6CC /* dementia_analytics-iOS.app */,
			);
			name = Products;
			sourceTree = "<group>";
		};
		A55087D929FF65880023D6CC /* dementia_analytics-iOS */ = {
			isa = PBXGroup;
			children = (
				A55B68CB2A0E07CD007D740C /* dementia_analytics-iOS.entitlements */,
				A55087F029FF65C30023D6CC /* App */,
				A55087F629FF66CA0023D6CC /* Scenes */,
				A5D7DCC82A28528D0036C3BA /* Data */,
				A55087EE29FF65930023D6CC /* Utils */,
				A55087EF29FF65B60023D6CC /* Resources */,
			);
			path = "dementia_analytics-iOS";
			sourceTree = "<group>";
		};
		A55087EE29FF65930023D6CC /* Utils */ = {
			isa = PBXGroup;
			children = (
				A58E600D2A25FF1000CC1507 /* Structure */,
				A58E600A2A25FB0900CC1507 /* Extentions */,
				A55087E529FF65890023D6CC /* LaunchScreen.storyboard */,
				A55087E829FF65890023D6CC /* Info.plist */,
				A5C0F09F2A2E38FE00B9626A /* CoreDataStorage+.swift */,
			);
			path = Utils;
			sourceTree = "<group>";
		};
		A55087EF29FF65B60023D6CC /* Resources */ = {
			isa = PBXGroup;
			children = (
				A5F18CB12A265D4800C2437D /* lottie */,
				A58E60022A25F9D000CC1507 /* Fonts */,
				A55087E329FF65890023D6CC /* Assets.xcassets */,
			);
			path = Resources;
			sourceTree = "<group>";
		};
		A55087F029FF65C30023D6CC /* App */ = {
			isa = PBXGroup;
			children = (
				A55087DA29FF65880023D6CC /* AppDelegate.swift */,
				A55087DC29FF65880023D6CC /* SceneDelegate.swift */,
			);
			path = App;
			sourceTree = "<group>";
		};
		A55087F629FF66CA0023D6CC /* Scenes */ = {
			isa = PBXGroup;
			children = (
				A5F18CB62A265D7F00C2437D /* LaunchView.swift */,
				A53A34172A2867CE008FEB89 /* MainTabBarViewController.swift */,
				A53A34192A2867DE008FEB89 /* Home */,
				A53A341E2A28681C008FEB89 /* Graph */,
				A53A341F2A286821008FEB89 /* Settings */,
				A50570B52A26D5E700B62C43 /* Components */,
			);
			path = Scenes;
			sourceTree = "<group>";
		};
		A58E60022A25F9D000CC1507 /* Fonts */ = {
			isa = PBXGroup;
			children = (
				A5C650322A27461300EDF3A6 /* BMEULJIRO */,
				A58E60032A25F9E700CC1507 /* Kavoon */,
			);
			path = Fonts;
			sourceTree = "<group>";
		};
		A58E60032A25F9E700CC1507 /* Kavoon */ = {
			isa = PBXGroup;
			children = (
				A58E60042A25F9E700CC1507 /* Kavoon-Regular.ttf */,
				A58E60052A25F9E700CC1507 /* OFL.txt */,
			);
			path = Kavoon;
			sourceTree = "<group>";
		};
		A58E600A2A25FB0900CC1507 /* Extentions */ = {
			isa = PBXGroup;
			children = (
				A50CF5062A28C5D900D31E77 /* UIColor+.swift */,
				A58E60082A25FA1700CC1507 /* UIFont+.swift */,
				A58E60102A25FF6300CC1507 /* UIImage+.swift */,
				A50CF5002A28B8C400D31E77 /* Date+.swift */,
				A50CF5022A28B8E100D31E77 /* String+.swift */,
				A5FE2E982A29D65300386F7B /* UIButton+.swift */,
				A5FE2E9C2A2A0F3500386F7B /* UIView+.swift */,
			);
			path = Extentions;
			sourceTree = "<group>";
		};
		A58E600D2A25FF1000CC1507 /* Structure */ = {
			isa = PBXGroup;
			children = (
				A58E600B2A25FC3000CC1507 /* StringCollection.swift */,
				A58E600E2A25FF2800CC1507 /* UIImageInformation.swift */,
			);
			path = Structure;
			sourceTree = "<group>";
		};
		A5C0F09B2A2E2A4E00B9626A /* SaveDataView */ = {
			isa = PBXGroup;
			children = (
				A5C0F0992A2E2A4900B9626A /* SaveDataView.swift */,
				A5C0F09D2A2E2AA500B9626A /* SaveDataViewController.swift */,
			);
			path = SaveDataView;
			sourceTree = "<group>";
		};
		A5C0F0A32A2E3DC200B9626A /* json */ = {
			isa = PBXGroup;
			children = (
				A5C0F0A12A2E3DBE00B9626A /* testData.json */,
				A520E41D2A2C999400A7120C /* dataset_mean.json */,
			);
			path = json;
			sourceTree = "<group>";
		};
		A5C650322A27461300EDF3A6 /* BMEULJIRO */ = {
			isa = PBXGroup;
			children = (
				A5C650332A2749A700EDF3A6 /* BMEULJIROTTF.ttf */,
			);
			path = BMEULJIRO;
			sourceTree = "<group>";
		};
		A5D7DCC82A28528D0036C3BA /* Data */ = {
			isa = PBXGroup;
			children = (
				A5C0F0A32A2E3DC200B9626A /* json */,
				A5DD62212A2DCF5800C1F22E /* struct */,
				A520E41B2A2C965600A7120C /* DataManager.swift */,
				A5DB26132A146EED00022101 /* DemntiaAnalyticsModel.swift */,
				A50CF5082A28D0A600D31E77 /* DementiaDataStorage.xcdatamodeld */,
				A57F12FF2A2E5B5E005F2A9C /* URLManager.swift */,
			);
			path = Data;
			sourceTree = "<group>";
		};
		A5DD62212A2DCF5800C1F22E /* struct */ = {
			isa = PBXGroup;
			children = (
				A507FF4D2A2B0FAE00EC9426 /* APIService.swift */,
				A507FF512A2B270A00EC9426 /* Prediction.swift */,
				A507FF4F2A2B120E00EC9426 /* Features.swift */,
				A50CF50B2A28D0D800D31E77 /* User.swift */,
				A520E4162A2C782D00A7120C /* DADataType.swift */,
				A5DD621F2A2D734C00C1F22E /* DAData.swift */,
				A520E4252A2CA77B00A7120C /* DementiaType.swift */,
			);
			path = struct;
			sourceTree = "<group>";
		};
		A5F18CB12A265D4800C2437D /* lottie */ = {
			isa = PBXGroup;
			children = (
				A5F18CBA2A26634400C2437D /* decor.json */,
				A5F18CBB2A26634400C2437D /* person.json */,
			);
			path = lottie;
			sourceTree = "<group>";
		};
/* End PBXGroup section */

/* Begin PBXNativeTarget section */
		A55087D629FF65880023D6CC /* dementia_analytics-iOS */ = {
			isa = PBXNativeTarget;
			buildConfigurationList = A55087EB29FF65890023D6CC /* Build configuration list for PBXNativeTarget "dementia_analytics-iOS" */;
			buildPhases = (
				A55087D329FF65880023D6CC /* Sources */,
				A55087D429FF65880023D6CC /* Frameworks */,
				A55087D529FF65880023D6CC /* Resources */,
			);
			buildRules = (
			);
			dependencies = (
			);
			name = "dementia_analytics-iOS";
			packageProductDependencies = (
				A56BC21A2A25B063007FE478 /* CoreDataStorage */,
				A5F18CAF2A265CCD00C2437D /* Lottie */,
				A5C6502F2A2745DB00EDF3A6 /* Alamofire */,
				A53A34322A287405008FEB89 /* Charts */,
				A50CF4FE2A28A10A00D31E77 /* FSCalendar */,
				A507FF492A2B0E5300EC9426 /* CombineMoya */,
				A507FF4B2A2B0E5300EC9426 /* Moya */,
			);
			productName = "dementia_analytics-iOS";
			productReference = A55087D729FF65880023D6CC /* dementia_analytics-iOS.app */;
			productType = "com.apple.product-type.application";
		};
/* End PBXNativeTarget section */

/* Begin PBXProject section */
		A55087CF29FF65880023D6CC /* Project object */ = {
			isa = PBXProject;
			attributes = {
				BuildIndependentTargetsInParallel = 1;
				LastSwiftUpdateCheck = 1430;
				LastUpgradeCheck = 1430;
				TargetAttributes = {
					A55087D629FF65880023D6CC = {
						CreatedOnToolsVersion = 14.3;
					};
				};
			};
			buildConfigurationList = A55087D229FF65880023D6CC /* Build configuration list for PBXProject "dementia_analytics-iOS" */;
			compatibilityVersion = "Xcode 14.0";
			developmentRegion = en;
			hasScannedForEncodings = 0;
			knownRegions = (
				en,
				Base,
			);
			mainGroup = A55087CE29FF65880023D6CC;
			packageReferences = (
				A56BC2192A25B063007FE478 /* XCRemoteSwiftPackageReference "CoreDataStorage" */,
				A5F18CAE2A265CCD00C2437D /* XCRemoteSwiftPackageReference "lottie-spm" */,
				A5C6502E2A2745DB00EDF3A6 /* XCRemoteSwiftPackageReference "Alamofire" */,
				A53A34312A287405008FEB89 /* XCRemoteSwiftPackageReference "Charts" */,
				A50CF4FD2A28A10A00D31E77 /* XCRemoteSwiftPackageReference "FSCalendar" */,
				A507FF482A2B0E5300EC9426 /* XCRemoteSwiftPackageReference "Moya" */,
			);
			productRefGroup = A55087D829FF65880023D6CC /* Products */;
			projectDirPath = "";
			projectRoot = "";
			targets = (
				A55087D629FF65880023D6CC /* dementia_analytics-iOS */,
			);
		};
/* End PBXProject section */

/* Begin PBXResourcesBuildPhase section */
		A55087D529FF65880023D6CC /* Resources */ = {
			isa = PBXResourcesBuildPhase;
			buildActionMask = 2147483647;
			files = (
				A5F18CBD2A26634400C2437D /* person.json in Resources */,
				A55087E729FF65890023D6CC /* LaunchScreen.storyboard in Resources */,
				A58E60062A25F9E700CC1507 /* Kavoon-Regular.ttf in Resources */,
				A5C0F0A22A2E3DBE00B9626A /* testData.json in Resources */,
				A5C650342A2749BE00EDF3A6 /* BMEULJIROTTF.ttf in Resources */,
				A58E60072A25F9E700CC1507 /* OFL.txt in Resources */,
				A5F18CBC2A26634400C2437D /* decor.json in Resources */,
				A55087E429FF65890023D6CC /* Assets.xcassets in Resources */,
				A520E41E2A2C999400A7120C /* dataset_mean.json in Resources */,
			);
			runOnlyForDeploymentPostprocessing = 0;
		};
/* End PBXResourcesBuildPhase section */

/* Begin PBXSourcesBuildPhase section */
		A55087D329FF65880023D6CC /* Sources */ = {
			isa = PBXSourcesBuildPhase;
			buildActionMask = 2147483647;
			files = (
				A50CF5072A28C5D900D31E77 /* UIColor+.swift in Sources */,
				A520E41C2A2C965600A7120C /* DataManager.swift in Sources */,
				A58E60092A25FA1700CC1507 /* UIFont+.swift in Sources */,
				A5F18CB72A265D7F00C2437D /* LaunchView.swift in Sources */,
				A5455E742A2C61F3006A508C /* DataCollectionViewCell.swift in Sources */,
				A50CF5032A28B8E100D31E77 /* String+.swift in Sources */,
				A5FE2E992A29D65300386F7B /* UIButton+.swift in Sources */,
				A50570B42A26D57700B62C43 /* NumberPicker.swift in Sources */,
				A520E4172A2C782D00A7120C /* DADataType.swift in Sources */,
				A53A34182A2867CE008FEB89 /* MainTabBarViewController.swift in Sources */,
				A542C4292A2E172000BD5721 /* StoreDataViewController.swift in Sources */,
				A58E600F2A25FF2800CC1507 /* UIImageInformation.swift in Sources */,
				A53A341D2A28680F008FEB89 /* GraphViewController.swift in Sources */,
				A55087DF29FF65880023D6CC /* HomeViewController.swift in Sources */,
				A520E4242A2CA1C200A7120C /* ResultPageViewController.swift in Sources */,
				A5DB26142A146EED00022101 /* DemntiaAnalyticsModel.swift in Sources */,
				A520E4152A2C746700A7120C /* ChartPageView.swift in Sources */,
				A5C0F0A02A2E38FE00B9626A /* CoreDataStorage+.swift in Sources */,
				A5FE2E9B2A29DD1A00386F7B /* InputContentBox.swift in Sources */,
				A53A341B2A2867FF008FEB89 /* SettingsViewController.swift in Sources */,
				A50CF50A2A28D0A600D31E77 /* DementiaDataStorage.xcdatamodeld in Sources */,
				A53A34212A2868D5008FEB89 /* SettingsView.swift in Sources */,
				A507FF542A2B2BA700EC9426 /* ManageDataViewController.swift in Sources */,
				A520E4262A2CA77B00A7120C /* DementiaType.swift in Sources */,
				A507FF4E2A2B0FAE00EC9426 /* APIService.swift in Sources */,
				A5DD62202A2D734C00C1F22E /* DAData.swift in Sources */,
				A50CF5012A28B8C400D31E77 /* Date+.swift in Sources */,
				A55087F529FF66C50023D6CC /* HomeView.swift in Sources */,
				A54C97272A28EC1E0037A9CF /* UpdateProfileView.swift in Sources */,
				A542C4272A2E171700BD5721 /* StoreDataView.swift in Sources */,
				A55087DB29FF65880023D6CC /* AppDelegate.swift in Sources */,
				A5B091302A261D9E008807AF /* GraphView.swift in Sources */,
				A58E60112A25FF6300CC1507 /* UIImage+.swift in Sources */,
				A5FE2E972A29A26500386F7B /* SettingContentBox.swift in Sources */,
				A58E600C2A25FC3000CC1507 /* StringCollection.swift in Sources */,
				A5FE2E9D2A2A0F3500386F7B /* UIView+.swift in Sources */,
				A50CF5052A28C44400D31E77 /* ContentBox.swift in Sources */,
				A5C0F09E2A2E2AA500B9626A /* SaveDataViewController.swift in Sources */,
				A507FF572A2B2BCC00EC9426 /* ManageDataView.swift in Sources */,
				A520E4132A2C6CD500A7120C /* ChartPageViewController.swift in Sources */,
				A5C0F09A2A2E2A4900B9626A /* SaveDataView.swift in Sources */,
				A57F13002A2E5B5E005F2A9C /* URLManager.swift in Sources */,
				A54C97242A28EC080037A9CF /* UpdateProfileViewController.swift in Sources */,
				A507FF522A2B270A00EC9426 /* Prediction.swift in Sources */,
				A55087DD29FF65880023D6CC /* SceneDelegate.swift in Sources */,
				A520E4202A2CA13900A7120C /* ResultPageView.swift in Sources */,
				A50CF50C2A28D0D800D31E77 /* User.swift in Sources */,
				A507FF502A2B120E00EC9426 /* Features.swift in Sources */,
			);
			runOnlyForDeploymentPostprocessing = 0;
		};
/* End PBXSourcesBuildPhase section */

/* Begin PBXVariantGroup section */
		A55087E529FF65890023D6CC /* LaunchScreen.storyboard */ = {
			isa = PBXVariantGroup;
			children = (
				A55087E629FF65890023D6CC /* Base */,
			);
			name = LaunchScreen.storyboard;
			sourceTree = "<group>";
		};
/* End PBXVariantGroup section */

/* Begin XCBuildConfiguration section */
		A55087E929FF65890023D6CC /* Debug */ = {
			isa = XCBuildConfiguration;
			buildSettings = {
				ALWAYS_SEARCH_USER_PATHS = NO;
				CLANG_ANALYZER_NONNULL = YES;
				CLANG_ANALYZER_NUMBER_OBJECT_CONVERSION = YES_AGGRESSIVE;
				CLANG_CXX_LANGUAGE_STANDARD = "gnu++20";
				CLANG_ENABLE_MODULES = YES;
				CLANG_ENABLE_OBJC_ARC = YES;
				CLANG_ENABLE_OBJC_WEAK = YES;
				CLANG_WARN_BLOCK_CAPTURE_AUTORELEASING = YES;
				CLANG_WARN_BOOL_CONVERSION = YES;
				CLANG_WARN_COMMA = YES;
				CLANG_WARN_CONSTANT_CONVERSION = YES;
				CLANG_WARN_DEPRECATED_OBJC_IMPLEMENTATIONS = YES;
				CLANG_WARN_DIRECT_OBJC_ISA_USAGE = YES_ERROR;
				CLANG_WARN_DOCUMENTATION_COMMENTS = YES;
				CLANG_WARN_EMPTY_BODY = YES;
				CLANG_WARN_ENUM_CONVERSION = YES;
				CLANG_WARN_INFINITE_RECURSION = YES;
				CLANG_WARN_INT_CONVERSION = YES;
				CLANG_WARN_NON_LITERAL_NULL_CONVERSION = YES;
				CLANG_WARN_OBJC_IMPLICIT_RETAIN_SELF = YES;
				CLANG_WARN_OBJC_LITERAL_CONVERSION = YES;
				CLANG_WARN_OBJC_ROOT_CLASS = YES_ERROR;
				CLANG_WARN_QUOTED_INCLUDE_IN_FRAMEWORK_HEADER = YES;
				CLANG_WARN_RANGE_LOOP_ANALYSIS = YES;
				CLANG_WARN_STRICT_PROTOTYPES = YES;
				CLANG_WARN_SUSPICIOUS_MOVE = YES;
				CLANG_WARN_UNGUARDED_AVAILABILITY = YES_AGGRESSIVE;
				CLANG_WARN_UNREACHABLE_CODE = YES;
				CLANG_WARN__DUPLICATE_METHOD_MATCH = YES;
				COPY_PHASE_STRIP = NO;
				DEBUG_INFORMATION_FORMAT = dwarf;
				ENABLE_STRICT_OBJC_MSGSEND = YES;
				ENABLE_TESTABILITY = YES;
				GCC_C_LANGUAGE_STANDARD = gnu11;
				GCC_DYNAMIC_NO_PIC = NO;
				GCC_NO_COMMON_BLOCKS = YES;
				GCC_OPTIMIZATION_LEVEL = 0;
				GCC_PREPROCESSOR_DEFINITIONS = (
					"DEBUG=1",
					"$(inherited)",
				);
				GCC_WARN_64_TO_32_BIT_CONVERSION = YES;
				GCC_WARN_ABOUT_RETURN_TYPE = YES_ERROR;
				GCC_WARN_UNDECLARED_SELECTOR = YES;
				GCC_WARN_UNINITIALIZED_AUTOS = YES_AGGRESSIVE;
				GCC_WARN_UNUSED_FUNCTION = YES;
				GCC_WARN_UNUSED_VARIABLE = YES;
				INFOPLIST_FILE = "dementia_analytics-iOS/Utils/info.plist";
				IPHONEOS_DEPLOYMENT_TARGET = 16.4;
				MTL_ENABLE_DEBUG_INFO = INCLUDE_SOURCE;
				MTL_FAST_MATH = YES;
				ONLY_ACTIVE_ARCH = YES;
				SDKROOT = iphoneos;
				SWIFT_ACTIVE_COMPILATION_CONDITIONS = DEBUG;
				SWIFT_OPTIMIZATION_LEVEL = "-Onone";
			};
			name = Debug;
		};
		A55087EA29FF65890023D6CC /* Release */ = {
			isa = XCBuildConfiguration;
			buildSettings = {
				ALWAYS_SEARCH_USER_PATHS = NO;
				CLANG_ANALYZER_NONNULL = YES;
				CLANG_ANALYZER_NUMBER_OBJECT_CONVERSION = YES_AGGRESSIVE;
				CLANG_CXX_LANGUAGE_STANDARD = "gnu++20";
				CLANG_ENABLE_MODULES = YES;
				CLANG_ENABLE_OBJC_ARC = YES;
				CLANG_ENABLE_OBJC_WEAK = YES;
				CLANG_WARN_BLOCK_CAPTURE_AUTORELEASING = YES;
				CLANG_WARN_BOOL_CONVERSION = YES;
				CLANG_WARN_COMMA = YES;
				CLANG_WARN_CONSTANT_CONVERSION = YES;
				CLANG_WARN_DEPRECATED_OBJC_IMPLEMENTATIONS = YES;
				CLANG_WARN_DIRECT_OBJC_ISA_USAGE = YES_ERROR;
				CLANG_WARN_DOCUMENTATION_COMMENTS = YES;
				CLANG_WARN_EMPTY_BODY = YES;
				CLANG_WARN_ENUM_CONVERSION = YES;
				CLANG_WARN_INFINITE_RECURSION = YES;
				CLANG_WARN_INT_CONVERSION = YES;
				CLANG_WARN_NON_LITERAL_NULL_CONVERSION = YES;
				CLANG_WARN_OBJC_IMPLICIT_RETAIN_SELF = YES;
				CLANG_WARN_OBJC_LITERAL_CONVERSION = YES;
				CLANG_WARN_OBJC_ROOT_CLASS = YES_ERROR;
				CLANG_WARN_QUOTED_INCLUDE_IN_FRAMEWORK_HEADER = YES;
				CLANG_WARN_RANGE_LOOP_ANALYSIS = YES;
				CLANG_WARN_STRICT_PROTOTYPES = YES;
				CLANG_WARN_SUSPICIOUS_MOVE = YES;
				CLANG_WARN_UNGUARDED_AVAILABILITY = YES_AGGRESSIVE;
				CLANG_WARN_UNREACHABLE_CODE = YES;
				CLANG_WARN__DUPLICATE_METHOD_MATCH = YES;
				COPY_PHASE_STRIP = NO;
				DEBUG_INFORMATION_FORMAT = "dwarf-with-dsym";
				ENABLE_NS_ASSERTIONS = NO;
				ENABLE_STRICT_OBJC_MSGSEND = YES;
				GCC_C_LANGUAGE_STANDARD = gnu11;
				GCC_NO_COMMON_BLOCKS = YES;
				GCC_WARN_64_TO_32_BIT_CONVERSION = YES;
				GCC_WARN_ABOUT_RETURN_TYPE = YES_ERROR;
				GCC_WARN_UNDECLARED_SELECTOR = YES;
				GCC_WARN_UNINITIALIZED_AUTOS = YES_AGGRESSIVE;
				GCC_WARN_UNUSED_FUNCTION = YES;
				GCC_WARN_UNUSED_VARIABLE = YES;
				INFOPLIST_FILE = "dementia_analytics-iOS/Utils/info.plist";
				IPHONEOS_DEPLOYMENT_TARGET = 16.4;
				MTL_ENABLE_DEBUG_INFO = NO;
				MTL_FAST_MATH = YES;
				SDKROOT = iphoneos;
				SWIFT_COMPILATION_MODE = wholemodule;
				SWIFT_OPTIMIZATION_LEVEL = "-O";
				VALIDATE_PRODUCT = YES;
			};
			name = Release;
		};
		A55087EC29FF65890023D6CC /* Debug */ = {
			isa = XCBuildConfiguration;
			buildSettings = {
				ASSETCATALOG_COMPILER_APPICON_NAME = AppIcon;
				ASSETCATALOG_COMPILER_GLOBAL_ACCENT_COLOR_NAME = AccentColor;
				CODE_SIGN_ENTITLEMENTS = "dementia_analytics-iOS/dementia_analytics-iOS.entitlements";
				CODE_SIGN_STYLE = Automatic;
				CURRENT_PROJECT_VERSION = 1;
				DEVELOPMENT_TEAM = B2XR5545F7;
				GENERATE_INFOPLIST_FILE = YES;
				INFOPLIST_FILE = "dementia_analytics-iOS/Utils/info.plist";
				INFOPLIST_KEY_UIApplicationSupportsIndirectInputEvents = YES;
				INFOPLIST_KEY_UILaunchStoryboardName = LaunchScreen;
				INFOPLIST_KEY_UISupportedInterfaceOrientations_iPad = "UIInterfaceOrientationPortrait UIInterfaceOrientationPortraitUpsideDown UIInterfaceOrientationLandscapeLeft UIInterfaceOrientationLandscapeRight";
				INFOPLIST_KEY_UISupportedInterfaceOrientations_iPhone = "UIInterfaceOrientationPortrait UIInterfaceOrientationLandscapeLeft UIInterfaceOrientationLandscapeRight";
				LD_RUNPATH_SEARCH_PATHS = (
					"$(inherited)",
					"@executable_path/Frameworks",
				);
				MARKETING_VERSION = 1.0;
				PRODUCT_BUNDLE_IDENTIFIER = "Jeonhui.dementia-analytics-iOS";
				PRODUCT_NAME = "$(TARGET_NAME)";
				SWIFT_EMIT_LOC_STRINGS = YES;
				SWIFT_VERSION = 5.0;
				TARGETED_DEVICE_FAMILY = "1,2";
			};
			name = Debug;
		};
		A55087ED29FF65890023D6CC /* Release */ = {
			isa = XCBuildConfiguration;
			buildSettings = {
				ASSETCATALOG_COMPILER_APPICON_NAME = AppIcon;
				ASSETCATALOG_COMPILER_GLOBAL_ACCENT_COLOR_NAME = AccentColor;
				CODE_SIGN_ENTITLEMENTS = "dementia_analytics-iOS/dementia_analytics-iOS.entitlements";
				CODE_SIGN_STYLE = Automatic;
				CURRENT_PROJECT_VERSION = 1;
				DEVELOPMENT_TEAM = B2XR5545F7;
				GENERATE_INFOPLIST_FILE = YES;
				INFOPLIST_FILE = "dementia_analytics-iOS/Utils/info.plist";
				INFOPLIST_KEY_UIApplicationSupportsIndirectInputEvents = YES;
				INFOPLIST_KEY_UILaunchStoryboardName = LaunchScreen;
				INFOPLIST_KEY_UISupportedInterfaceOrientations_iPad = "UIInterfaceOrientationPortrait UIInterfaceOrientationPortraitUpsideDown UIInterfaceOrientationLandscapeLeft UIInterfaceOrientationLandscapeRight";
				INFOPLIST_KEY_UISupportedInterfaceOrientations_iPhone = "UIInterfaceOrientationPortrait UIInterfaceOrientationLandscapeLeft UIInterfaceOrientationLandscapeRight";
				LD_RUNPATH_SEARCH_PATHS = (
					"$(inherited)",
					"@executable_path/Frameworks",
				);
				MARKETING_VERSION = 1.0;
				PRODUCT_BUNDLE_IDENTIFIER = "Jeonhui.dementia-analytics-iOS";
				PRODUCT_NAME = "$(TARGET_NAME)";
				SWIFT_EMIT_LOC_STRINGS = YES;
				SWIFT_VERSION = 5.0;
				TARGETED_DEVICE_FAMILY = "1,2";
			};
			name = Release;
		};
/* End XCBuildConfiguration section */

/* Begin XCConfigurationList section */
		A55087D229FF65880023D6CC /* Build configuration list for PBXProject "dementia_analytics-iOS" */ = {
			isa = XCConfigurationList;
			buildConfigurations = (
				A55087E929FF65890023D6CC /* Debug */,
				A55087EA29FF65890023D6CC /* Release */,
			);
			defaultConfigurationIsVisible = 0;
			defaultConfigurationName = Release;
		};
		A55087EB29FF65890023D6CC /* Build configuration list for PBXNativeTarget "dementia_analytics-iOS" */ = {
			isa = XCConfigurationList;
			buildConfigurations = (
				A55087EC29FF65890023D6CC /* Debug */,
				A55087ED29FF65890023D6CC /* Release */,
			);
			defaultConfigurationIsVisible = 0;
			defaultConfigurationName = Release;
		};
/* End XCConfigurationList section */

/* Begin XCRemoteSwiftPackageReference section */
		A507FF482A2B0E5300EC9426 /* XCRemoteSwiftPackageReference "Moya" */ = {
			isa = XCRemoteSwiftPackageReference;
			repositoryURL = "https://github.com/Moya/Moya.git";
			requirement = {
				kind = upToNextMajorVersion;
				minimumVersion = 15.0.0;
			};
		};
		A50CF4FD2A28A10A00D31E77 /* XCRemoteSwiftPackageReference "FSCalendar" */ = {
			isa = XCRemoteSwiftPackageReference;
			repositoryURL = "https://github.com/WenchaoD/FSCalendar.git";
			requirement = {
				kind = upToNextMajorVersion;
				minimumVersion = 2.8.3;
			};
		};
		A53A34312A287405008FEB89 /* XCRemoteSwiftPackageReference "Charts" */ = {
			isa = XCRemoteSwiftPackageReference;
			repositoryURL = "https://github.com/danielgindi/Charts.git";
			requirement = {
				kind = upToNextMajorVersion;
				minimumVersion = 4.1.0;
			};
		};
		A56BC2192A25B063007FE478 /* XCRemoteSwiftPackageReference "CoreDataStorage" */ = {
			isa = XCRemoteSwiftPackageReference;
			repositoryURL = "https://github.com/Jeonhui/CoreDataStorage";
			requirement = {
				kind = upToNextMajorVersion;
				minimumVersion = 1.0.0;
			};
		};
		A5C6502E2A2745DB00EDF3A6 /* XCRemoteSwiftPackageReference "Alamofire" */ = {
			isa = XCRemoteSwiftPackageReference;
			repositoryURL = "https://github.com/Alamofire/Alamofire.git";
			requirement = {
				kind = upToNextMajorVersion;
				minimumVersion = 5.0.0;
			};
		};
		A5F18CAE2A265CCD00C2437D /* XCRemoteSwiftPackageReference "lottie-spm" */ = {
			isa = XCRemoteSwiftPackageReference;
			repositoryURL = "https://github.com/airbnb/lottie-spm.git";
			requirement = {
				kind = upToNextMajorVersion;
				minimumVersion = 4.0.0;
			};
		};
/* End XCRemoteSwiftPackageReference section */

/* Begin XCSwiftPackageProductDependency section */
		A507FF492A2B0E5300EC9426 /* CombineMoya */ = {
			isa = XCSwiftPackageProductDependency;
			package = A507FF482A2B0E5300EC9426 /* XCRemoteSwiftPackageReference "Moya" */;
			productName = CombineMoya;
		};
		A507FF4B2A2B0E5300EC9426 /* Moya */ = {
			isa = XCSwiftPackageProductDependency;
			package = A507FF482A2B0E5300EC9426 /* XCRemoteSwiftPackageReference "Moya" */;
			productName = Moya;
		};
		A50CF4FE2A28A10A00D31E77 /* FSCalendar */ = {
			isa = XCSwiftPackageProductDependency;
			package = A50CF4FD2A28A10A00D31E77 /* XCRemoteSwiftPackageReference "FSCalendar" */;
			productName = FSCalendar;
		};
		A53A34322A287405008FEB89 /* Charts */ = {
			isa = XCSwiftPackageProductDependency;
			package = A53A34312A287405008FEB89 /* XCRemoteSwiftPackageReference "Charts" */;
			productName = Charts;
		};
		A56BC21A2A25B063007FE478 /* CoreDataStorage */ = {
			isa = XCSwiftPackageProductDependency;
			package = A56BC2192A25B063007FE478 /* XCRemoteSwiftPackageReference "CoreDataStorage" */;
			productName = CoreDataStorage;
		};
		A5C6502F2A2745DB00EDF3A6 /* Alamofire */ = {
			isa = XCSwiftPackageProductDependency;
			package = A5C6502E2A2745DB00EDF3A6 /* XCRemoteSwiftPackageReference "Alamofire" */;
			productName = Alamofire;
		};
		A5F18CAF2A265CCD00C2437D /* Lottie */ = {
			isa = XCSwiftPackageProductDependency;
			package = A5F18CAE2A265CCD00C2437D /* XCRemoteSwiftPackageReference "lottie-spm" */;
			productName = Lottie;
		};
/* End XCSwiftPackageProductDependency section */

/* Begin XCVersionGroup section */
		A50CF5082A28D0A600D31E77 /* DementiaDataStorage.xcdatamodeld */ = {
			isa = XCVersionGroup;
			children = (
				A50CF5092A28D0A600D31E77 /* DentiaDataStorage.xcdatamodel */,
			);
			currentVersion = A50CF5092A28D0A600D31E77 /* DentiaDataStorage.xcdatamodel */;
			path = DementiaDataStorage.xcdatamodeld;
			sourceTree = "<group>";
			versionGroupType = wrapper.xcdatamodel;
		};
/* End XCVersionGroup section */
	};
	rootObject = A55087CF29FF65880023D6CC /* Project object */;
}
